
Microsoft Visual Studio Solution File, Format Version 12.00
# Visual Studio Version 17
VisualStudioVersion = 17.5.002.0
MinimumVisualStudioVersion = 10.0.40219.1
Project("{9A19103F-16F7-4668-BE54-9A1E7A4F7556}") = "ZKTecoIntegration", "ZKTecoIntegration.csproj", "{112BBC82-7075-4CFD-AFA0-7118ECD11223}"
EndProject
Global
	GlobalSection(SolutionConfigurationPlatforms) = preSolution
		Debug|Any CPU = Debug|Any CPU
		Release|Any CPU = Release|Any CPU
	EndGlobalSection
	GlobalSection(ProjectConfigurationPlatforms) = postSolution
		{112BBC82-7075-4CFD-AFA0-7118ECD11223}.Debug|Any CPU.ActiveCfg = Debug|Any CPU
		{112BBC82-7075-4CFD-AFA0-7118ECD11223}.Debug|Any CPU.Build.0 = Debug|Any CPU
		{112BBC82-7075-4CFD-AFA0-7118ECD11223}.Release|Any CPU.ActiveCfg = Release|Any CPU
		{112BBC82-7075-4CFD-AFA0-7118ECD11223}.Release|Any CPU.Build.0 = Release|Any CPU
	EndGlobalSection
	GlobalSection(SolutionProperties) = preSolution
		HideSolutionNode = FALSE
	EndGlobalSection
	GlobalSection(ExtensibilityGlobals) = postSolution
		SolutionGuid = {B24400FF-A55E-4887-BC71-027FB6CBAB79}
	EndGlobalSection
EndGlobal
